// !$*UTF8*$!
{
	archiveVersion = 1;
	classes = {
	};
	objectVersion = 46;
	objects = {

/* Begin PBXBuildFile section */
		9DF631C81F305D8B00C94197 /* AppDelegate.swift in Sources */ = {isa = PBXBuildFile; fileRef = 9DF631C71F305D8B00C94197 /* AppDelegate.swift */; };
		9DF631CA1F305D8B00C94197 /* ViewController.swift in Sources */ = {isa = PBXBuildFile; fileRef = 9DF631C91F305D8B00C94197 /* ViewController.swift */; };
		9DF631CD1F305D8B00C94197 /* Main.storyboard in Resources */ = {isa = PBXBuildFile; fileRef = 9DF631CB1F305D8B00C94197 /* Main.storyboard */; };
		9DF631CF1F305D8B00C94197 /* Assets.xcassets in Resources */ = {isa = PBXBuildFile; fileRef = 9DF631CE1F305D8B00C94197 /* Assets.xcassets */; };
		9DF631D21F305D8B00C94197 /* LaunchScreen.storyboard in Resources */ = {isa = PBXBuildFile; fileRef = 9DF631D01F305D8B00C94197 /* LaunchScreen.storyboard */; };
/* End PBXBuildFile section */

/* Begin PBXFileReference section */
		9DF631C41F305D8B00C94197 /* UIStackViewSample.app */ = {isa = PBXFileReference; explicitFileType = wrapper.application; includeInIndex = 0; path = UIStackViewSample.app; sourceTree = BUILT_PRODUCTS_DIR; };
		9DF631C71F305D8B00C94197 /* AppDelegate.swift */ = {isa = PBXFileReference; lastKnownFileType = sourcecode.swift; path = AppDelegate.swift; sourceTree = "<group>"; };
		9DF631C91F305D8B00C94197 /* ViewController.swift */ = {isa = PBXFileReference; lastKnownFileType = sourcecode.swift; path = ViewController.swift; sourceTree = "<group>"; };
		9DF631CC1F305D8B00C94197 /* Base */ = {isa = PBXFileReference; lastKnownFileType = file.storyboard; name = Base; path = Base.lproj/Main.storyboard; sourceTree = "<group>"; };
		9DF631CE1F305D8B00C94197 /* Assets.xcassets */ = {isa = PBXFileReference; lastKnownFileType = folder.assetcatalog; path = Assets.xcassets; sourceTree = "<group>"; };
		9DF631D11F305D8B00C94197 /* Base */ = {isa = PBXFileReference; lastKnownFileType = file.storyboard; name = Base; path = Base.lproj/LaunchScreen.storyboard; sourceTree = "<group>"; };
		9DF631D31F305D8B00C94197 /* Info.plist */ = {isa = PBXFileReference; lastKnownFileType = text.plist.xml; path = Info.plist; sourceTree = "<group>"; };
/* End PBXFileReference section */

/* Begin PBXFrameworksBuildPhase section */
		9DF631C11F305D8B00C94197 /* Frameworks */ = {
			isa = PBXFrameworksBuildPhase;
			buildActionMask = 2147483647;
			files = (
			);
			runOnlyForDeploymentPostprocessing = 0;
		};
/* End PBXFrameworksBuildPhase section */

/* Begin PBXGroup section */
		9DF631BB1F305D8B00C94197 = {
			isa = PBXGroup;
			children = (
				9DF631C61F305D8B00C94197 /* UIStackViewSample */,
				9DF631C51F305D8B00C94197 /* Products */,
			);
			sourceTree = "<group>";
		};
		9DF631C51F305D8B00C94197 /* Products */ = {
			isa = PBXGroup;
			children = (
				9DF631C41F305D8B00C94197 /* UIStackViewSample.app */,
			);
			name = Products;
			sourceTree = "<group>";
		};
		9DF631C61F305D8B00C94197 /* UIStackViewSample */ = {
			isa = PBXGroup;
			children = (
				9DF631C71F305D8B00C94197 /* AppDelegate.swift */,
				9DF631C91F305D8B00C94197 /* ViewController.swift */,
				9DF631CB1F305D8B00C94197 /* Main.storyboard */,
				9DF631CE1F305D8B00C94197 /* Assets.xcassets */,
				9DF631D01F305D8B00C94197 /* LaunchScreen.storyboard */,
				9DF631D31F305D8B00C94197 /* Info.plist */,
			);
			path = UIStackViewSample;
			sourceTree = "<group>";
		};
/* End PBXGroup section */

/* Begin PBXNativeTarget section */
		9DF631C31F305D8B00C94197 /* UIStackViewSample */ = {
			isa = PBXNativeTarget;
			buildConfigurationList = 9DF631D61F305D8B00C94197 /* Build configuration list for PBXNativeTarget "UIStackViewSample" */;
			buildPhases = (
				9DF631C01F305D8B00C94197 /* Sources */,
				9DF631C11F305D8B00C94197 /* Frameworks */,
				9DF631C21F305D8B00C94197 /* Resources */,
			);
			buildRules = (
			);
			dependencies = (
			);
			name = UIStackViewSample;
			productName = UIStackViewSample;
			productReference = 9DF631C41F305D8B00C94197 /* UIStackViewSample.app */;
			productType = "com.apple.product-type.application";
		};
/* End PBXNativeTarget section */

/* Begin PBXProject section */
		9DF631BC1F305D8B00C94197 /* Project object */ = {
			isa = PBXProject;
			attributes = {
				LastSwiftUpdateCheck = 0830;
				LastUpgradeCheck = 0830;
				ORGANIZATIONNAME = d_na_ser;
				TargetAttributes = {
					9DF631C31F305D8B00C94197 = {
						CreatedOnToolsVersion = 8.3.3;
						ProvisioningStyle = Automatic;
					};
				};
			};
			buildConfigurationList = 9DF631BF1F305D8B00C94197 /* Build configuration list for PBXProject "UIStackViewSample" */;
			compatibilityVersion = "Xcode 3.2";
			developmentRegion = English;
			hasScannedForEncodings = 0;
			knownRegions = (
				en,
				Base,
			);
			mainGroup = 9DF631BB1F305D8B00C94197;
			productRefGroup = 9DF631C51F305D8B00C94197 /* Products */;
			projectDirPath = "";
			projectRoot = "";
			targets = (
				9DF631C31F305D8B00C94197 /* UIStackViewSample */,
			);
		};
/* End PBXProject section */

/* Begin PBXResourcesBuildPhase section */
		9DF631C21F305D8B00C94197 /* Resources */ = {
			isa = PBXResourcesBuildPhase;
			buildActionMask = 2147483647;
			files = (
				9DF631D21F305D8B00C94197 /* LaunchScreen.storyboard in Resources */,
				9DF631CF1F305D8B00C94197 /* Assets.xcassets in Resources */,
				9DF631CD1F305D8B00C94197 /* Main.storyboard in Resources */,
			);
			runOnlyForDeploymentPostprocessing = 0;
		};
/* End PBXResourcesBuildPhase section */

/* Begin PBXSourcesBuildPhase section */
		9DF631C01F305D8B00C94197 /* Sources */ = {
			isa = PBXSourcesBuildPhase;
			buildActionMask = 2147483647;
			files = (
				9DF631CA1F305D8B00C94197 /* ViewController.swift in Sources */,
				9DF631C81F305D8B00C94197 /* AppDelegate.swift in Sources */,
			);
			runOnlyForDeploymentPostprocessing = 0;
		};
/* End PBXSourcesBuildPhase section */

/* Begin PBXVariantGroup section */
		9DF631CB1F305D8B00C94197 /* Main.storyboard */ = {
			isa = PBXVariantGroup;
			children = (
				9DF631CC1F305D8B00C94197 /* Base */,
			);
			name = Main.storyboard;
			sourceTree = "<group>";
		};
		9DF631D01F305D8B00C94197 /* LaunchScreen.storyboard */ = {
			isa = PBXVariantGroup;
			children = (
				9DF631D11F305D8B00C94197 /* Base */,
			);
			name = LaunchScreen.storyboard;
			sourceTree = "<group>";
		};
/* End PBXVariantGroup section */

/* Begin XCBuildConfiguration section */
		9DF631D41F305D8B00C94197 /* Debug */ = {
			isa = XCBuildConfiguration;
			buildSettings = {
				ALWAYS_SEARCH_USER_PATHS = NO;
				CLANG_ANALYZER_NONNULL = YES;
				CLANG_ANALYZER_NUMBER_OBJECT_CONVERSION = YES_AGGRESSIVE;
				CLANG_CXX_LANGUAGE_STANDARD = "gnu++0x";
				CLANG_CXX_LIBRARY = "libc++";
				CLANG_ENABLE_MODULES = YES;
				CLANG_ENABLE_OBJC_ARC = YES;
				CLANG_WARN_BOOL_CONVERSION = YES;
				CLANG_WARN_CONSTANT_CONVERSION = YES;
				CLANG_WARN_DIRECT_OBJC_ISA_USAGE = YES_ERROR;
				CLANG_WARN_DOCUMENTATION_COMMENTS = YES;
				CLANG_WARN_EMPTY_BODY = YES;
				CLANG_WARN_ENUM_CONVERSION = YES;
				CLANG_WARN_INFINITE_RECURSION = YES;
				CLANG_WARN_INT_CONVERSION = YES;
				CLANG_WARN_OBJC_ROOT_CLASS = YES_ERROR;
				CLANG_WARN_SUSPICIOUS_MOVE = YES;
				CLANG_WARN_UNREACHABLE_CODE = YES;
				CLANG_WARN__DUPLICATE_METHOD_MATCH = YES;
				"CODE_SIGN_IDENTITY[sdk=iphoneos*]" = "iPhone Developer";
				COPY_PHASE_STRIP = NO;
				DEBUG_INFORMATION_FORMAT = dwarf;
				ENABLE_STRICT_OBJC_MSGSEND = YES;
				ENABLE_TESTABILITY = YES;
				GCC_C_LANGUAGE_STANDARD = gnu99;
				GCC_DYNAMIC_NO_PIC = NO;
				GCC_NO_COMMON_BLOCKS = YES;
				GCC_OPTIMIZATION_LEVEL = 0;
				GCC_PREPROCESSOR_DEFINITIONS = (
					"DEBUG=1",
					"$(inherited)",
				);
				GCC_WARN_64_TO_32_BIT_CONVERSION = YES;
				GCC_WARN_ABOUT_RETURN_TYPE = YES_ERROR;
				GCC_WARN_UNDECLARED_SELECTOR = YES;
				GCC_WARN_UNINITIALIZED_AUTOS = YES_AGGRESSIVE;
				GCC_WARN_UNUSED_FUNCTION = YES;
				GCC_WARN_UNUSED_VARIABLE = YES;
				IPHONEOS_DEPLOYMENT_TARGET = 10.3;
				MTL_ENABLE_DEBUG_INFO = YES;
				ONLY_ACTIVE_ARCH = YES;
				SDKROOT = iphoneos;
				SWIFT_ACTIVE_COMPILATION_CONDITIONS = DEBUG;
				SWIFT_OPTIMIZATION_LEVEL = "-Onone";
				TARGETED_DEVICE_FAMILY = "1,2";
			};
			name = Debug;
		};
		9DF631D51F305D8B00C94197 /* Release */ = {
			isa = XCBuildConfiguration;
			buildSettings = {
				ALWAYS_SEARCH_USER_PATHS = NO;
				CLANG_ANALYZER_NONNULL = YES;
				CLANG_ANALYZER_NUMBER_OBJECT_CONVERSION = YES_AGGRESSIVE;
				CLANG_CXX_LANGUAGE_STANDARD = "gnu++0x";
				CLANG_CXX_LIBRARY = "libc++";
				CLANG_ENABLE_MODULES = YES;
				CLANG_ENABLE_OBJC_ARC = YES;
				CLANG_WARN_BOOL_CONVERSION = YES;
				CLANG_WARN_CONSTANT_CONVERSION = YES;
				CLANG_WARN_DIRECT_OBJC_ISA_USAGE = YES_ERROR;
				CLANG_WARN_DOCUMENTATION_COMMENTS = YES;
				CLANG_WARN_EMPTY_BODY = YES;
				CLANG_WARN_ENUM_CONVERSION = YES;
				CLANG_WARN_INFINITE_RECURSION = YES;
				CLANG_WARN_INT_CONVERSION = YES;
				CLANG_WARN_OBJC_ROOT_CLASS = YES_ERROR;
				CLANG_WARN_SUSPICIOUS_MOVE = YES;
				CLANG_WARN_UNREACHABLE_CODE = YES;
				CLANG_WARN__DUPLICATE_METHOD_MATCH = YES;
				"CODE_SIGN_IDENTITY[sdk=iphoneos*]" = "iPhone Developer";
				COPY_PHASE_STRIP = NO;
				DEBUG_INFORMATION_FORMAT = "dwarf-with-dsym";
				ENABLE_NS_ASSERTIONS = NO;
				ENABLE_STRICT_OBJC_MSGSEND = YES;
				GCC_C_LANGUAGE_STANDARD = gnu99;
				GCC_NO_COMMON_BLOCKS = YES;
				GCC_WARN_64_TO_32_BIT_CONVERSION = YES;
				GCC_WARN_ABOUT_RETURN_TYPE = YES_ERROR;
				GCC_WARN_UNDECLARED_SELECTOR = YES;
				GCC_WARN_UNINITIALIZED_AUTOS = YES_AGGRESSIVE;
				GCC_WARN_UNUSED_FUNCTION = YES;
				GCC_WARN_UNUSED_VARIABLE = YES;
				IPHONEOS_DEPLOYMENT_TARGET = 10.3;
				MTL_ENABLE_DEBUG_INFO = NO;
				SDKROOT = iphoneos;
				SWIFT_OPTIMIZATION_LEVEL = "-Owholemodule";
				TARGETED_DEVICE_FAMILY = "1,2";
				VALIDATE_PRODUCT = YES;
			};
			name = Release;
		};
		9DF631D71F305D8B00C94197 /* Debug */ = {
			isa = XCBuildConfiguration;
			buildSettings = {
				ASSETCATALOG_COMPILER_APPICON_NAME = AppIcon;
				INFOPLIST_FILE = UIStackViewSample/Info.plist;
				LD_RUNPATH_SEARCH_PATHS = "$(inherited) @executable_path/Frameworks";
				PRODUCT_BUNDLE_IDENTIFIER = aaa.UIStackViewSample;
				PRODUCT_NAME = "$(TARGET_NAME)";
				SWIFT_VERSION = 3.0;
			};
			name = Debug;
		};
		9DF631D81F305D8B00C94197 /* Release */ = {
			isa = XCBuildConfiguration;
			buildSettings = {
				ASSETCATALOG_COMPILER_APPICON_NAME = AppIcon;
				INFOPLIST_FILE = UIStackViewSample/Info.plist;
				LD_RUNPATH_SEARCH_PATHS = "$(inherited) @executable_path/Frameworks";
				PRODUCT_BUNDLE_IDENTIFIER = aaa.UIStackViewSample;
				PRODUCT_NAME = "$(TARGET_NAME)";
				SWIFT_VERSION = 3.0;
			};
			name = Release;
		};
/* End XCBuildConfiguration section */

/* Begin XCConfigurationList section */
		9DF631BF1F305D8B00C94197 /* Build configuration list for PBXProject "UIStackViewSample" */ = {
			isa = XCConfigurationList;
			buildConfigurations = (
				9DF631D41F305D8B00C94197 /* Debug */,
				9DF631D51F305D8B00C94197 /* Release */,
			);
			defaultConfigurationIsVisible = 0;
			defaultConfigurationName = Release;
		};
		9DF631D61F305D8B00C94197 /* Build configuration list for PBXNativeTarget "UIStackViewSample" */ = {
			isa = XCConfigurationList;
			buildConfigurations = (
				9DF631D71F305D8B00C94197 /* Debug */,
				9DF631D81F305D8B00C94197 /* Release */,
			);
			defaultConfigurationIsVisible = 0;
		};
/* End XCConfigurationList section */
	};
	rootObject = 9DF631BC1F305D8B00C94197 /* Project object */;
}
